#MicroXplorer Configuration settings - do not modify
ADC.ClockPrescaler=ADC_CLOCK_SYNC_PCLK_DIV4
ADC.IPParameters=NbrOfConversion,ClockPrescaler,Overrun,SamplingTimeCommon1,SamplingTimeCommon2,SelectedChannel
ADC.NbrOfConversion=1
ADC.Overrun=ADC_OVR_DATA_OVERWRITTEN
ADC.SamplingTimeCommon1=ADC_SAMPLETIME_160CYCLES_5
ADC.SamplingTimeCommon2=ADC_SAMPLETIME_160CYCLES_5
ADC.SelectedChannel=ADC_CHANNEL_TEMPSENSOR|ADC_CHANNEL_VREFINT|ADC_CHANNEL_VBAT
Dma.Request0=USART1_TX
Dma.RequestsNb=1
Dma.USART1_TX.0.Direction=DMA_MEMORY_TO_PERIPH
Dma.USART1_TX.0.EventEnable=DISABLE
Dma.USART1_TX.0.Instance=DMA1_Channel1
Dma.USART1_TX.0.MemDataAlignment=DMA_MDATAALIGN_BYTE
Dma.USART1_TX.0.MemInc=DMA_MINC_ENABLE
Dma.USART1_TX.0.Mode=DMA_NORMAL
Dma.USART1_TX.0.PeriphDataAlignment=DMA_PDATAALIGN_BYTE
Dma.USART1_TX.0.PeriphInc=DMA_PINC_DISABLE
Dma.USART1_TX.0.Polarity=HAL_DMAMUX_REQ_GEN_RISING
Dma.USART1_TX.0.Priority=DMA_PRIORITY_LOW
Dma.USART1_TX.0.RequestNumber=1
Dma.USART1_TX.0.RequestParameters=Instance,Direction,PeriphInc,MemInc,PeriphDataAlignment,MemDataAlignment,Mode,Priority,SignalID,Polarity,RequestNumber,SyncSignalID,SyncPolarity,SyncEnable,EventEnable,SyncRequestNumber
Dma.USART1_TX.0.SignalID=NONE
Dma.USART1_TX.0.SyncEnable=DISABLE
Dma.USART1_TX.0.SyncPolarity=HAL_DMAMUX_SYNC_NO_EVENT
Dma.USART1_TX.0.SyncRequestNumber=1
Dma.USART1_TX.0.SyncSignalID=NONE
File.Version=6
GPIO.groupedBy=Group By Peripherals
I2C2.IPParameters=Timing
I2C2.Timing=0x20303E5D
KeepUserPlacement=false
Mcu.CPN=STM32WLE5JCI6
Mcu.Family=STM32WL
Mcu.IP0=ADC
Mcu.IP1=ADV_TRACE
Mcu.IP10=SPI2
Mcu.IP11=SUBGHZ
Mcu.IP12=SUBGHZ_PHY
Mcu.IP13=SYS
Mcu.IP14=TIMER
Mcu.IP15=TINY_LPM
Mcu.IP16=USART1
Mcu.IP17=USART2
Mcu.IP2=DEBUG
Mcu.IP3=DMA
Mcu.IP4=I2C2
Mcu.IP5=MISC
Mcu.IP6=NVIC
Mcu.IP7=RCC
Mcu.IP8=RTC
Mcu.IP9=SEQUENCER
Mcu.IPNb=18
Mcu.Name=STM32WLE5JCIx
Mcu.Package=UFBGA73
Mcu.Pin0=PA14
Mcu.Pin1=PA15
Mcu.Pin10=PA0
Mcu.Pin11=PB13
Mcu.Pin12=PB6
Mcu.Pin13=PA9
Mcu.Pin14=PB0-VDD_TCXO
Mcu.Pin15=OSC_IN
Mcu.Pin16=PA3
Mcu.Pin17=PA2
Mcu.Pin18=PB10
Mcu.Pin19=PA4
Mcu.Pin2=PB15
Mcu.Pin20=PA5
Mcu.Pin21=VP_ADC_TempSens_Input
Mcu.Pin22=VP_ADC_Vref_Input
Mcu.Pin23=VP_ADC_Vbat_Input
Mcu.Pin24=VP_ADV_TRACE_VS_ADV_TRACE
Mcu.Pin25=VP_MISC_VS_MISC
Mcu.Pin26=VP_RTC_VS_RTC_Activate
Mcu.Pin27=VP_RTC_VS_RTC_Calendar
Mcu.Pin28=VP_RTC_VS_RTC_Alarm_A_Intern
Mcu.Pin29=VP_SEQUENCER_VS_SEQUENCER
Mcu.Pin3=PC14-OSC32_IN
Mcu.Pin30=VP_SUBGHZ_VS_SUBGHZ
Mcu.Pin31=VP_SUBGHZ_PHY_VS_SubGhzPhy
Mcu.Pin32=VP_SYS_VS_None
Mcu.Pin33=VP_TIMER_VS_TIMER
Mcu.Pin34=VP_TINY_LPM_VS_TINY_LPM
Mcu.Pin4=PA13
Mcu.Pin5=PB7
Mcu.Pin6=PC15-OSC32_OUT
Mcu.Pin7=PB14
Mcu.Pin8=PA10
Mcu.Pin9=PB5
Mcu.PinsNb=35
Mcu.ThirdPartyNb=0
Mcu.UserConstants=RTC_N_PREDIV_S,10;RTC_PREDIV_S,((1<<RTC_N_PREDIV_S)-1);RTC_PREDIV_A,((1<<(15-RTC_N_PREDIV_S))-1)
Mcu.UserName=STM32WLE5JCIx
MxCube.Version=6.6.1
MxDb.Version=DB.6.0.60
NVIC.ADC_IRQn=true\:0\:0\:false\:false\:true\:true\:true\:true
NVIC.BusFault_IRQn=true\:0\:0\:false\:false\:true\:false\:false\:false
NVIC.DMA1_Channel1_IRQn=true\:2\:0\:true\:false\:true\:false\:true\:true
NVIC.DebugMonitor_IRQn=true\:0\:0\:false\:false\:true\:false\:false\:false
NVIC.ForceEnableDMAVector=true
NVIC.HardFault_IRQn=true\:0\:0\:false\:false\:true\:false\:false\:false
NVIC.MemoryManagement_IRQn=true\:0\:0\:false\:false\:true\:false\:false\:false
NVIC.NonMaskableInt_IRQn=true\:0\:0\:false\:false\:true\:false\:false\:false
NVIC.PendSV_IRQn=true\:0\:0\:false\:false\:true\:false\:false\:false
NVIC.PriorityGroup=NVIC_PRIORITYGROUP_4
NVIC.RTC_Alarm_IRQn=true\:0\:0\:false\:false\:true\:true\:true\:true
NVIC.SUBGHZ_Radio_IRQn=true\:0\:0\:false\:false\:true\:true\:true\:true
NVIC.SVCall_IRQn=true\:0\:0\:false\:false\:true\:false\:false\:false
NVIC.SysTick_IRQn=true\:15\:0\:true\:false\:true\:false\:false\:false
NVIC.TAMP_STAMP_LSECSS_SSRU_IRQn=true\:0\:0\:false\:false\:true\:true\:true\:true
NVIC.TimeBase=None
NVIC.USART1_IRQn=true\:2\:0\:true\:false\:true\:true\:true\:true
NVIC.UsageFault_IRQn=true\:0\:0\:false\:false\:true\:false\:false\:false
OSC_IN.Mode=HSE-TCXO
OSC_IN.Signal=RCC_OSC_IN
PA0.GPIOParameters=GPIO_Label
PA0.GPIO_Label=DC
PA0.Locked=true
PA0.Signal=GPIO_Output
PA10.Locked=true
PA10.Mode=Full_Duplex_Master
PA10.Signal=SPI2_MOSI
PA13.Mode=Serial_Wire
PA13.Signal=DEBUG_JTMS-SWDIO
PA14.Mode=Serial_Wire
PA14.Signal=DEBUG_JTCK-SWCLK
PA15.Locked=true
PA15.Mode=I2C
PA15.Signal=I2C2_SDA
PA2.Locked=true
PA2.Mode=Asynchronous
PA2.Signal=USART2_TX
PA3.Locked=true
PA3.Mode=Asynchronous
PA3.Signal=USART2_RX
PA4.GPIOParameters=GPIO_Speed,GPIO_Label
PA4.GPIO_Label=RF_CTRL1
PA4.GPIO_Speed=GPIO_SPEED_FREQ_VERY_HIGH
PA4.Locked=true
PA4.Signal=GPIO_Output
PA5.GPIOParameters=GPIO_Speed,GPIO_Label
PA5.GPIO_Label=RF_CTRL2
PA5.GPIO_Speed=GPIO_SPEED_FREQ_VERY_HIGH
PA5.Locked=true
PA5.Signal=GPIO_Output
PA9.GPIOParameters=GPIO_Label
PA9.GPIO_Label=RST
PA9.Locked=true
PA9.Signal=GPIO_Output
PB0-VDD_TCXO.Mode=HSE-TCXO
PB0-VDD_TCXO.Signal=VDDTCXO
PB10.GPIOParameters=GPIO_Label
PB10.GPIO_Label=CS
PB10.Locked=true
PB10.Signal=GPIO_Output
PB13.Locked=true
PB13.Mode=Full_Duplex_Master
PB13.Signal=SPI2_SCK
PB14.Locked=true
PB14.Mode=Full_Duplex_Master
PB14.Signal=SPI2_MISO
PB15.Locked=true
PB15.Mode=I2C
PB15.Signal=I2C2_SCL
PB5.Locked=true
PB5.Signal=GPIO_Output
PB6.GPIOParameters=GPIO_Speed,GPIO_Label
PB6.GPIO_Label=USARTx_TX
PB6.GPIO_Speed=GPIO_SPEED_FREQ_VERY_HIGH
PB6.Locked=true
PB6.Mode=Asynchronous
PB6.Signal=USART1_TX
PB7.GPIOParameters=GPIO_Speed,GPIO_Label
PB7.GPIO_Label=USARTx_RX
PB7.GPIO_Speed=GPIO_SPEED_FREQ_VERY_HIGH
PB7.Locked=true
PB7.Mode=Asynchronous
PB7.Signal=USART1_RX
PC14-OSC32_IN.Mode=LSE-External-Oscillator
PC14-OSC32_IN.Signal=RCC_OSC32_IN
PC15-OSC32_OUT.Mode=LSE-External-Oscillator
PC15-OSC32_OUT.Signal=RCC_OSC32_OUT
PCC.SUBGHZ.FrequencyBand=High
PCC.SUBGHZ.Modulation=FSK
PCC.SUBGHZ.OptionalSettings=false
PCC.SUBGHZ.Output.Power=14
PCC.SUBGHZ.PowerAmplifier=Low Power
PCC.SUBGHZ.RxBoosted=false
PCC.SUBGHZ.SMPS=Off
PinOutPanel.CurrentBGAView=Top
PinOutPanel.RotationAngle=0
ProjectManager.AskForMigrate=true
ProjectManager.BackupPrevious=true
ProjectManager.CompilerOptimize=6
ProjectManager.ComputerToolchain=false
ProjectManager.CoupleFile=true
ProjectManager.CustomerFirmwarePackage=
ProjectManager.DefaultFWLocation=true
ProjectManager.DeletePrevious=true
ProjectManager.DeviceId=STM32WLE5JCIx
ProjectManager.FirmwarePackage=STM32Cube FW_WL V1.2.0
ProjectManager.FreePins=false
ProjectManager.HalAssertFull=false
ProjectManager.HeapSize=0x200
ProjectManager.KeepUserCode=true
ProjectManager.LastFirmware=true
ProjectManager.LibraryCopy=1
ProjectManager.MainLocation=Core/Src
ProjectManager.NoMain=false
ProjectManager.PreviousToolchain=
ProjectManager.ProjectBuild=false
ProjectManager.ProjectFileName=Seeed-LoRa-E5_p2p_BaseStation.ioc
ProjectManager.ProjectName=Seeed-LoRa-E5_p2p_BaseStation
ProjectManager.RegisterCallBack=
ProjectManager.StackSize=0x400
ProjectManager.TargetToolchain=STM32CubeIDE
ProjectManager.ToolChainLocation=
ProjectManager.UnderRoot=true
ProjectManager.functionlistsort=1-SystemClock_Config-RCC-false-HAL-false,2-MX_GPIO_Init-GPIO-false-HAL-true,3-MX_ADC_Init-ADC-true-HAL-true,4-MX_RTC_Init-RTC-true-HAL-true,5-MX_DMA_Init-DMA-true-HAL-true,6-MX_USART1_UART_Init-USART1-true-HAL-true,7-MX_SUBGHZ_Init-SUBGHZ-true-HAL-false,8-MX_I2C2_Init-I2C2-false-HAL-true,9-MX_USART2_UART_Init-USART2-false-HAL-true,10-MX_SubGHz_Phy_Init-SUBGHZ_PHY-false-HAL-false,11-MX_SPI2_Init-SPI2-false-HAL-true
RCC.AHBFreq_Value=48000000
RCC.APB1Freq_Value=48000000
RCC.APB1TimFreq_Value=48000000
RCC.APB2Freq_Value=48000000
RCC.APB2TimFreq_Value=48000000
RCC.APB3Freq_Value=48000000
RCC.CortexFreq_Value=48000000
RCC.FCLKCortexFreq_Value=48000000
RCC.FamilyName=M
RCC.HCLK3Freq_Value=48000000
RCC.HCLKFreq_Value=48000000
RCC.HSE_VALUE=8000000
RCC.HSI_VALUE=16000000
RCC.I2C1Freq_Value=48000000
RCC.I2C2Freq_Value=48000000
RCC.I2C3Freq_Value=48000000
RCC.I2S2Freq_Value=16000000
RCC.IPParameters=AHBFreq_Value,APB1Freq_Value,APB1TimFreq_Value,APB2Freq_Value,APB2TimFreq_Value,APB3Freq_Value,CortexFreq_Value,FCLKCortexFreq_Value,FamilyName,HCLK3Freq_Value,HCLKFreq_Value,HSE_VALUE,HSI_VALUE,I2C1Freq_Value,I2C2Freq_Value,I2C3Freq_Value,I2S2Freq_Value,LPTIM1Freq_Value,LPTIM2Freq_Value,LPTIM3Freq_Value,LPUART1Freq_Value,LSCOPinFreq_Value,LSE_VALUE,MCO1PinFreq_Value,MSIClockRange,PLLPoutputFreq_Value,PLLQoutputFreq_Value,PLLRCLKFreq_Value,PWRFreq_Value,RNGFreq_Value,RTCClockSelection,RTCFreq_Value,SYSCLKFreq_VALUE,USART1Freq_Value,USART2Freq_Value,VCOInputFreq_Value,VCOOutputFreq_Value
RCC.LPTIM1Freq_Value=48000000
RCC.LPTIM2Freq_Value=48000000
RCC.LPTIM3Freq_Value=48000000
RCC.LPUART1Freq_Value=48000000
RCC.LSCOPinFreq_Value=32000
RCC.LSE_VALUE=32768
RCC.MCO1PinFreq_Value=48000000
RCC.MSIClockRange=RCC_MSIRANGE_11
RCC.PLLPoutputFreq_Value=192000000
RCC.PLLQoutputFreq_Value=192000000
RCC.PLLRCLKFreq_Value=192000000
RCC.PWRFreq_Value=48000000
RCC.RNGFreq_Value=32000
RCC.RTCClockSelection=RCC_RTCCLKSOURCE_LSE
RCC.RTCFreq_Value=32768
RCC.SYSCLKFreq_VALUE=48000000
RCC.USART1Freq_Value=48000000
RCC.USART2Freq_Value=48000000
RCC.VCOInputFreq_Value=48000000
RCC.VCOOutputFreq_Value=384000000
RTC.Alarm-Alarm\ A=RTC_ALARM_A
RTC.AsynchPrediv=RTC_PREDIV_A
RTC.BinMode=RTC_BINARY_ONLY
RTC.BinaryAutoClr_A-Alarm\ A=RTC_ALARMSUBSECONDBIN_AUTOCLR_NO
RTC.IPParameters=Alarm-Alarm A,BinMode,BinaryAutoClr_A-Alarm A,AsynchPrediv
SPI2.BaudRatePrescaler=SPI_BAUDRATEPRESCALER_8
SPI2.CalculateBaudRate=2.0 MBits/s
SPI2.DataSize=SPI_DATASIZE_8BIT
SPI2.Direction=SPI_DIRECTION_2LINES
SPI2.IPParameters=VirtualType,Mode,Direction,CalculateBaudRate,DataSize,BaudRatePrescaler
SPI2.Mode=SPI_MODE_MASTER
SPI2.VirtualType=VM_MASTER
SUBGHZ.BaudratePrescaler=SUBGHZSPI_BAUDRATEPRESCALER_4
SUBGHZ.IPParameters=BaudratePrescaler
SUBGHZ_PHY.Activate_DEBUG_LINE=false
SUBGHZ_PHY.Activate_RADIO_BOARD_INTERFACE=Bsp
SUBGHZ_PHY.IPParameters=SUBGHZ_APPLICATION,VERBOSE_LEVEL,LORA_SPREADING_FACTOR,Activate_DEBUG_LINE,Activate_RADIO_BOARD_INTERFACE
SUBGHZ_PHY.LORA_SPREADING_FACTOR=12
SUBGHZ_PHY.SUBGHZ_APPLICATION=SUBGHZ_ADV_APPLICATION
SUBGHZ_PHY.VERBOSE_LEVEL=VLEVEL_H
SubGHz_Phy.BSP.number=2
SubGHz_Phy0.BSP.STBoard=false
SubGHz_Phy0.BSP.api=Unknown
SubGHz_Phy0.BSP.component=
SubGHz_Phy0.BSP.condition=\!SEM_SUBGHZ_USER_APPLICATION | SEM_SUBGHZ_USE_RTC
SubGHz_Phy0.BSP.instance=RTC
SubGHz_Phy0.BSP.ip=RTC
SubGHz_Phy0.BSP.mode=RTC Enabled
SubGHz_Phy0.BSP.name=RTC
SubGHz_Phy0.BSP.semaphore=
SubGHz_Phy0.BSP.solution=RTC
SubGHz_Phy1.BSP.STBoard=false
SubGHz_Phy1.BSP.api=Unknown
SubGHz_Phy1.BSP.component=
SubGHz_Phy1.BSP.condition=\!SEM_SUBGHZ_USER_APPLICATION | SEM_SUBGHZ_USE_UART
SubGHz_Phy1.BSP.instance=USART1
SubGHz_Phy1.BSP.ip=(LPU|US)ART
SubGHz_Phy1.BSP.mode=Asynchronous
SubGHz_Phy1.BSP.name=USART
SubGHz_Phy1.BSP.semaphore=
SubGHz_Phy1.BSP.solution=USART1
USART1.FIFOMode=FIFOMODE_ENABLE
USART1.IPParameters=VirtualMode-Asynchronous,FIFOMode
USART1.VirtualMode-Asynchronous=VM_ASYNC
USART2.IPParameters=VirtualMode-Asynchronous
USART2.VirtualMode-Asynchronous=VM_ASYNC
VP_ADC_TempSens_Input.Mode=IN-TempSens
VP_ADC_TempSens_Input.Signal=ADC_TempSens_Input
VP_ADC_Vbat_Input.Mode=IN-Vbat
VP_ADC_Vbat_Input.Signal=ADC_Vbat_Input
VP_ADC_Vref_Input.Mode=IN-Vrefint
VP_ADC_Vref_Input.Signal=ADC_Vref_Input
VP_ADV_TRACE_VS_ADV_TRACE.Mode=ADV_TRACE_Enabled
VP_ADV_TRACE_VS_ADV_TRACE.Signal=ADV_TRACE_VS_ADV_TRACE
VP_MISC_VS_MISC.Mode=MISC_Enabled
VP_MISC_VS_MISC.Signal=MISC_VS_MISC
VP_RTC_VS_RTC_Activate.Mode=RTC_Enabled
VP_RTC_VS_RTC_Activate.Signal=RTC_VS_RTC_Activate
VP_RTC_VS_RTC_Alarm_A_Intern.Mode=Alarm A
VP_RTC_VS_RTC_Alarm_A_Intern.Signal=RTC_VS_RTC_Alarm_A_Intern
VP_RTC_VS_RTC_Calendar.Mode=RTC_Calendar
VP_RTC_VS_RTC_Calendar.Signal=RTC_VS_RTC_Calendar
VP_SEQUENCER_VS_SEQUENCER.Mode=SEQUENCER_Enabled
VP_SEQUENCER_VS_SEQUENCER.Signal=SEQUENCER_VS_SEQUENCER
VP_SUBGHZ_PHY_VS_SubGhzPhy.Mode=SubGhzPhy_Enabled
VP_SUBGHZ_PHY_VS_SubGhzPhy.Signal=SUBGHZ_PHY_VS_SubGhzPhy
VP_SUBGHZ_VS_SUBGHZ.Mode=SUBGHZ_Activate
VP_SUBGHZ_VS_SUBGHZ.Signal=SUBGHZ_VS_SUBGHZ
VP_SYS_VS_None.Mode=None
VP_SYS_VS_None.Signal=SYS_VS_None
VP_TIMER_VS_TIMER.Mode=TIMER_Enabled
VP_TIMER_VS_TIMER.Signal=TIMER_VS_TIMER
VP_TINY_LPM_VS_TINY_LPM.Mode=TINY_LPM_Enabled
VP_TINY_LPM_VS_TINY_LPM.Signal=TINY_LPM_VS_TINY_LPM
board=custom
isbadioc=false
